{
  "version": 4,
  "terraform_version": "1.4.6",
  "serial": 140,
  "lineage": "677b45ef-9442-99ba-cc97-db303fbf002a",
  "outputs": {},
  "resources": [
    {
      "module": "module.iam",
      "mode": "managed",
      "type": "aws_iam_access_key",
      "name": "access_key",
      "provider": "provider[\"registry.terraform.io/hashicorp/aws\"]",
      "instances": [
        {
          "schema_version": 0,
          "attributes": {
            "create_date": "2023-05-30T16:01:24Z",
            "encrypted_secret": null,
            "encrypted_ses_smtp_password_v4": null,
            "id": "AKIAZ2ZGJFF3D27MWGEA",
            "key_fingerprint": null,
            "pgp_key": null,
            "secret": "bZGxcW7k6UPYDyjEfLsC8Ay98b6gOdNZc0Jz/ZnI",
            "ses_smtp_password_v4": "BK0fOOJVShTXz0pL0RHKLCHY44NAeccp7nB4ST12VIOV",
            "status": "Active",
            "user": "terraform-user"
          },
          "sensitive_attributes": [],
          "private": "bnVsbA==",
          "dependencies": [
            "module.iam.aws_iam_user.new-user"
          ]
        }
      ]
    },
    {
      "module": "module.iam",
      "mode": "managed",
      "type": "aws_iam_group_membership",
      "name": "admin_group",
      "provider": "provider[\"registry.terraform.io/hashicorp/aws\"]",
      "instances": [
        {
          "schema_version": 0,
          "attributes": {
            "group": "admin_permissions",
            "id": "admin-group",
            "name": "admin-group",
            "users": [
              "terraform-user"
            ]
          },
          "sensitive_attributes": [],
          "private": "bnVsbA==",
          "dependencies": [
            "module.iam.aws_iam_user.new-user"
          ]
        }
      ]
    },
    {
      "module": "module.iam",
      "mode": "managed",
      "type": "aws_iam_user",
      "name": "new-user",
      "provider": "provider[\"registry.terraform.io/hashicorp/aws\"]",
      "instances": [
        {
          "schema_version": 0,
          "attributes": {
            "arn": "arn:aws:iam::676000770422:user/users/terraform-user",
            "force_destroy": false,
            "id": "terraform-user",
            "name": "terraform-user",
            "path": "/users/",
            "permissions_boundary": null,
            "tags": null,
            "tags_all": {},
            "unique_id": "AIDAZ2ZGJFF3LRFL65GIL"
          },
          "sensitive_attributes": [],
          "private": "bnVsbA=="
        }
      ]
    },
    {
      "module": "module.iam",
      "mode": "managed",
      "type": "aws_iam_user_policy",
      "name": "admin_policy",
      "provider": "provider[\"registry.terraform.io/hashicorp/aws\"]",
      "instances": [
        {
          "schema_version": 0,
          "attributes": {
            "id": "terraform-user:admin-policy",
            "name": "admin-policy",
            "name_prefix": null,
            "policy": "{\"Version\":\"2012-10-17\",\"Statement\":[{\"Action\":\"*\",\"Effect\":\"Allow\",\"Resource\":\"*\"}]}",
            "user": "terraform-user"
          },
          "sensitive_attributes": [],
          "private": "bnVsbA==",
          "dependencies": [
            "module.iam.aws_iam_user.new-user"
          ]
        }
      ]
    },
    {
      "module": "module.iam",
      "mode": "managed",
      "type": "null_resource",
      "name": "local_exec",
      "provider": "provider[\"registry.terraform.io/hashicorp/null\"]",
      "instances": [
        {
          "schema_version": 0,
          "attributes": {
            "id": "1694765021955153531",
            "triggers": null
          },
          "sensitive_attributes": [],
          "dependencies": [
            "module.iam.aws_iam_access_key.access_key",
            "module.iam.aws_iam_user.new-user"
          ]
        }
      ]
    }
  ],
  "check_results": null
}
