{
  "version": 4,
  "terraform_version": "1.4.6",
  "serial": 151,
  "lineage": "677b45ef-9442-99ba-cc97-db303fbf002a",
  "outputs": {},
  "resources": [
    {
      "module": "module.github",
      "mode": "managed",
      "type": "github_repository",
      "name": "terraform_project",
      "provider": "module.github.provider[\"registry.terraform.io/integrations/github\"]",
      "instances": [
        {
          "schema_version": 1,
          "attributes": {
            "allow_auto_merge": false,
            "allow_merge_commit": true,
            "allow_rebase_merge": true,
            "allow_squash_merge": true,
            "allow_update_branch": false,
            "archive_on_destroy": null,
            "archived": false,
            "auto_init": null,
            "default_branch": "main",
            "delete_branch_on_merge": false,
            "description": "This is my first repository",
            "etag": "W/\"ad642b321ff4d527970268ec3d53d200ed6e2afe3dad6a4d448eb2b143d83f41\"",
            "full_name": "sivanmarom/teraaform-project-new",
            "git_clone_url": "git://github.com/sivanmarom/teraaform-project-new.git",
            "gitignore_template": null,
            "has_discussions": false,
            "has_downloads": false,
            "has_issues": false,
            "has_projects": false,
            "has_wiki": false,
            "homepage_url": "",
            "html_url": "https://github.com/sivanmarom/teraaform-project-new",
            "http_clone_url": "https://github.com/sivanmarom/teraaform-project-new.git",
            "id": "teraaform-project-new",
            "ignore_vulnerability_alerts_during_read": null,
            "is_template": false,
            "license_template": null,
            "merge_commit_message": "PR_TITLE",
            "merge_commit_title": "MERGE_MESSAGE",
            "name": "teraaform-project-new",
            "node_id": "R_kgDOJrsYNw",
            "pages": [],
            "private": false,
            "repo_id": 649795639,
            "security_and_analysis": [
              {
                "advanced_security": [],
                "secret_scanning": [
                  {
                    "status": "disabled"
                  }
                ],
                "secret_scanning_push_protection": [
                  {
                    "status": "disabled"
                  }
                ]
              }
            ],
            "squash_merge_commit_message": "COMMIT_MESSAGES",
            "squash_merge_commit_title": "COMMIT_OR_PR_TITLE",
            "ssh_clone_url": "git@github.com:sivanmarom/teraaform-project-new.git",
            "svn_url": "https://github.com/sivanmarom/teraaform-project-new",
            "template": [],
            "topics": null,
            "visibility": "public",
            "vulnerability_alerts": false
          },
          "sensitive_attributes": [],
          "private": "eyJzY2hlbWFfdmVyc2lvbiI6IjEifQ=="
        }
      ]
    }
  ],
  "check_results": null
}
