{
  "version": 4,
  "terraform_version": "1.4.6",
  "serial": 320,
  "lineage": "677b45ef-9442-99ba-cc97-db303fbf002a",
  "outputs": {},
  "resources": [
    {
      "module": "module.github",
      "mode": "managed",
      "type": "github_branch_default",
      "name": "default_main",
      "provider": "module.github.provider[\"registry.terraform.io/integrations/github\"]",
      "instances": [
        {
          "schema_version": 0,
          "attributes": {
            "branch": "main",
            "id": "Teraaform-project",
            "rename": false,
            "repository": "Teraaform-project"
          },
          "sensitive_attributes": [],
          "private": "bnVsbA==",
          "dependencies": [
            "module.github.github_repository.terraform_project"
          ]
        }
      ]
    },
    {
      "module": "module.github",
      "mode": "managed",
      "type": "github_repository",
      "name": "terraform_project",
      "provider": "module.github.provider[\"registry.terraform.io/integrations/github\"]",
      "instances": [
        {
          "schema_version": 1,
          "attributes": {
            "allow_auto_merge": false,
            "allow_merge_commit": true,
            "allow_rebase_merge": true,
            "allow_squash_merge": true,
            "allow_update_branch": false,
            "archive_on_destroy": null,
            "archived": false,
            "auto_init": true,
            "default_branch": "main",
            "delete_branch_on_merge": false,
            "description": "This repository created by terraform",
            "etag": "W/\"b603ec6b775c940eeed138cc1ce8f3b18778ac17ef887ecc1c277879fe7f25f4\"",
            "full_name": "sivanmarom/Teraaform-project",
            "git_clone_url": "git://github.com/sivanmarom/Teraaform-project.git",
            "gitignore_template": null,
            "has_discussions": false,
            "has_downloads": false,
            "has_issues": false,
            "has_projects": false,
            "has_wiki": false,
            "homepage_url": "",
            "html_url": "https://github.com/sivanmarom/Teraaform-project",
            "http_clone_url": "https://github.com/sivanmarom/Teraaform-project.git",
            "id": "Teraaform-project",
            "ignore_vulnerability_alerts_during_read": null,
            "is_template": false,
            "license_template": null,
            "merge_commit_message": "PR_TITLE",
            "merge_commit_title": "MERGE_MESSAGE",
            "name": "Teraaform-project",
            "node_id": "R_kgDOJsFsaA",
            "pages": [],
            "private": false,
            "repo_id": 650210408,
            "security_and_analysis": [
              {
                "advanced_security": [],
                "secret_scanning": [
                  {
                    "status": "disabled"
                  }
                ],
                "secret_scanning_push_protection": [
                  {
                    "status": "disabled"
                  }
                ]
              }
            ],
            "squash_merge_commit_message": "COMMIT_MESSAGES",
            "squash_merge_commit_title": "COMMIT_OR_PR_TITLE",
            "ssh_clone_url": "git@github.com:sivanmarom/Teraaform-project.git",
            "svn_url": "https://github.com/sivanmarom/Teraaform-project",
            "template": [],
            "topics": null,
            "visibility": "public",
            "vulnerability_alerts": false
          },
          "sensitive_attributes": [],
          "private": "eyJzY2hlbWFfdmVyc2lvbiI6IjEifQ=="
        }
      ]
    }
  ],
  "check_results": null
}
